
Microsoft Visual Studio Solution File, Format Version 12.00
# Visual Studio 15
VisualStudioVersion = 15.0.26730.15
MinimumVisualStudioVersion = 10.0.40219.1
Project("{9A19103F-16F7-4668-BE54-9A1E7A4F7556}") = "Awesome.AspNetCore.VueJs.Template", "Awesome.AspNetCore.VueJs.Template\Awesome.AspNetCore.VueJs.Template.csproj", "{8F2F8168-368F-477B-99FD-75E868F63BE2}"
EndProject
Global
	GlobalSection(SolutionConfigurationPlatforms) = preSolution
		Debug|Any CPU = Debug|Any CPU
		Release|Any CPU = Release|Any CPU
	EndGlobalSection
	GlobalSection(ProjectConfigurationPlatforms) = postSolution
		{8F2F8168-368F-477B-99FD-75E868F63BE2}.Debug|Any CPU.ActiveCfg = Debug|Any CPU
		{8F2F8168-368F-477B-99FD-75E868F63BE2}.Debug|Any CPU.Build.0 = Debug|Any CPU
		{8F2F8168-368F-477B-99FD-75E868F63BE2}.Release|Any CPU.ActiveCfg = Release|Any CPU
		{8F2F8168-368F-477B-99FD-75E868F63BE2}.Release|Any CPU.Build.0 = Release|Any CPU
	EndGlobalSection
	GlobalSection(SolutionProperties) = preSolution
		HideSolutionNode = FALSE
	EndGlobalSection
	GlobalSection(ExtensibilityGlobals) = postSolution
		SolutionGuid = {DD5FBF1B-0FF1-4BBB-9DC1-CE71D7AB886C}
	EndGlobalSection
EndGlobal
